
Microsoft Visual Studio Solution File, Format Version 12.00
# Visual Studio Version 16
VisualStudioVersion = 16.0.30309.148
MinimumVisualStudioVersion = 10.0.40219.1
Project("{FAE04EC0-301F-11D3-BF4B-00C04F79EFBC}") = "NetworkProgramming", "NetworkProgramming\NetworkProgramming.csproj", "{7E83B4AA-5C8B-4FAB-B7F0-DEECDF1EB8C1}"
EndProject
Project("{FAE04EC0-301F-11D3-BF4B-00C04F79EFBC}") = "EchoServer", "EchoServer\EchoServer.csproj", "{F74E6D34-97D0-434E-AFB6-4DBBA2DB43D3}"
EndProject
Project("{FAE04EC0-301F-11D3-BF4B-00C04F79EFBC}") = "EchoClient", "EchoClient\EchoClient.csproj", "{1D4CFEC8-8BEF-43F2-9E91-7536244255F7}"
EndProject
Project("{FAE04EC0-301F-11D3-BF4B-00C04F79EFBC}") = "Dns", "Dns\Dns.csproj", "{66DF1E2D-20D7-488C-9C17-D223B9272374}"
EndProject
Global
	GlobalSection(SolutionConfigurationPlatforms) = preSolution
		Debug|Any CPU = Debug|Any CPU
		Release|Any CPU = Release|Any CPU
	EndGlobalSection
	GlobalSection(ProjectConfigurationPlatforms) = postSolution
		{7E83B4AA-5C8B-4FAB-B7F0-DEECDF1EB8C1}.Debug|Any CPU.ActiveCfg = Debug|Any CPU
		{7E83B4AA-5C8B-4FAB-B7F0-DEECDF1EB8C1}.Debug|Any CPU.Build.0 = Debug|Any CPU
		{7E83B4AA-5C8B-4FAB-B7F0-DEECDF1EB8C1}.Release|Any CPU.ActiveCfg = Release|Any CPU
		{7E83B4AA-5C8B-4FAB-B7F0-DEECDF1EB8C1}.Release|Any CPU.Build.0 = Release|Any CPU
		{F74E6D34-97D0-434E-AFB6-4DBBA2DB43D3}.Debug|Any CPU.ActiveCfg = Debug|Any CPU
		{F74E6D34-97D0-434E-AFB6-4DBBA2DB43D3}.Debug|Any CPU.Build.0 = Debug|Any CPU
		{F74E6D34-97D0-434E-AFB6-4DBBA2DB43D3}.Release|Any CPU.ActiveCfg = Release|Any CPU
		{F74E6D34-97D0-434E-AFB6-4DBBA2DB43D3}.Release|Any CPU.Build.0 = Release|Any CPU
		{1D4CFEC8-8BEF-43F2-9E91-7536244255F7}.Debug|Any CPU.ActiveCfg = Debug|Any CPU
		{1D4CFEC8-8BEF-43F2-9E91-7536244255F7}.Debug|Any CPU.Build.0 = Debug|Any CPU
		{1D4CFEC8-8BEF-43F2-9E91-7536244255F7}.Release|Any CPU.ActiveCfg = Release|Any CPU
		{1D4CFEC8-8BEF-43F2-9E91-7536244255F7}.Release|Any CPU.Build.0 = Release|Any CPU
		{66DF1E2D-20D7-488C-9C17-D223B9272374}.Debug|Any CPU.ActiveCfg = Debug|Any CPU
		{66DF1E2D-20D7-488C-9C17-D223B9272374}.Debug|Any CPU.Build.0 = Debug|Any CPU
		{66DF1E2D-20D7-488C-9C17-D223B9272374}.Release|Any CPU.ActiveCfg = Release|Any CPU
		{66DF1E2D-20D7-488C-9C17-D223B9272374}.Release|Any CPU.Build.0 = Release|Any CPU
	EndGlobalSection
	GlobalSection(SolutionProperties) = preSolution
		HideSolutionNode = FALSE
	EndGlobalSection
	GlobalSection(ExtensibilityGlobals) = postSolution
		SolutionGuid = {4D9D71C6-D48A-4DBD-B337-01449A019998}
	EndGlobalSection
EndGlobal
