
Microsoft Visual Studio Solution File, Format Version 12.00
# Visual Studio Version 16
VisualStudioVersion = 16.0.30309.148
MinimumVisualStudioVersion = 10.0.40219.1
Project("{9A19103F-16F7-4668-BE54-9A1E7A4F7556}") = "day11", "day11.csproj", "{91A9037A-FC30-45F8-BD99-AA15C10CEE41}"
EndProject
Global
	GlobalSection(SolutionConfigurationPlatforms) = preSolution
		Debug|Any CPU = Debug|Any CPU
		Release|Any CPU = Release|Any CPU
	EndGlobalSection
	GlobalSection(ProjectConfigurationPlatforms) = postSolution
		{91A9037A-FC30-45F8-BD99-AA15C10CEE41}.Debug|Any CPU.ActiveCfg = Debug|Any CPU
		{91A9037A-FC30-45F8-BD99-AA15C10CEE41}.Debug|Any CPU.Build.0 = Debug|Any CPU
		{91A9037A-FC30-45F8-BD99-AA15C10CEE41}.Release|Any CPU.ActiveCfg = Release|Any CPU
		{91A9037A-FC30-45F8-BD99-AA15C10CEE41}.Release|Any CPU.Build.0 = Release|Any CPU
	EndGlobalSection
	GlobalSection(SolutionProperties) = preSolution
		HideSolutionNode = FALSE
	EndGlobalSection
	GlobalSection(ExtensibilityGlobals) = postSolution
		SolutionGuid = {EFF36332-8988-4F28-BB12-B8117A58649B}
	EndGlobalSection
EndGlobal
