
Microsoft Visual Studio Solution File, Format Version 12.00
# Visual Studio Version 16
VisualStudioVersion = 16.0.30309.148
MinimumVisualStudioVersion = 10.0.40219.1
Project("{9A19103F-16F7-4668-BE54-9A1E7A4F7556}") = "day9", "day9\day9.csproj", "{7335CE5A-DDA4-4ECA-84E6-5ADBDC9C9603}"
EndProject
Project("{9A19103F-16F7-4668-BE54-9A1E7A4F7556}") = "Imterface", "ConsoleApp1\Imterface.csproj", "{3683DF41-8856-46B4-8E38-A6FA908EDA14}"
EndProject
Project("{9A19103F-16F7-4668-BE54-9A1E7A4F7556}") = "DerivedInterface", "DerivedInterface\DerivedInterface.csproj", "{1EFA5019-464C-4101-8F3C-DA1AEF64EDC1}"
EndProject
Project("{9A19103F-16F7-4668-BE54-9A1E7A4F7556}") = "MultiInterfaceInheritance", "MultiInterfaceInheritance\MultiInterfaceInheritance.csproj", "{DF7225CB-7963-4443-9A6E-DCCCC88B086D}"
EndProject
Project("{9A19103F-16F7-4668-BE54-9A1E7A4F7556}") = "AbstractClass", "AbstractClass\AbstractClass.csproj", "{CA3A83C4-A271-40C3-805D-087B149B3906}"
EndProject
Project("{9A19103F-16F7-4668-BE54-9A1E7A4F7556}") = "Property", "Property\Property.csproj", "{94CA0511-4C1A-42E4-A2BA-9A9BF448BC75}"
EndProject
Project("{9A19103F-16F7-4668-BE54-9A1E7A4F7556}") = "AutoImplementedProperty", "AutoImplementedProperty\AutoImplementedProperty.csproj", "{4C6DD351-CAB0-48D0-8ED9-BDE7F2C31C2F}"
EndProject
Project("{9A19103F-16F7-4668-BE54-9A1E7A4F7556}") = "ConstructorProperty", "ConstructorProperty\ConstructorProperty.csproj", "{F86B93BE-A771-44A3-9F73-794554B94885}"
EndProject
Project("{9A19103F-16F7-4668-BE54-9A1E7A4F7556}") = "AnonymousType", "AnonymousType\AnonymousType.csproj", "{E39D66F9-5227-4D51-A19A-6464BE286E90}"
EndProject
Project("{FAE04EC0-301F-11D3-BF4B-00C04F79EFBC}") = "PropertiesInAbstractClass", "PropertiesInAbstractClass\PropertiesInAbstractClass.csproj", "{DA805EC6-FB6E-4D45-8D41-636DECB0CA7C}"
EndProject
Project("{FAE04EC0-301F-11D3-BF4B-00C04F79EFBC}") = "PropertiesInInterface", "PropertiesInInterface\PropertiesInInterface.csproj", "{09D6ADEA-67A4-44C8-8F11-D4AF5D12ACAE}"
EndProject
Project("{FAE04EC0-301F-11D3-BF4B-00C04F79EFBC}") = "test1", "test1\test1.csproj", "{42E5DA4B-DA95-4A2D-B5E7-B416AC1DA998}"
EndProject
Project("{FAE04EC0-301F-11D3-BF4B-00C04F79EFBC}") = "test2", "test2\test2.csproj", "{4FB9A7A3-C195-420E-B6A6-A1E64DF5B17E}"
EndProject
Global
	GlobalSection(SolutionConfigurationPlatforms) = preSolution
		Debug|Any CPU = Debug|Any CPU
		Release|Any CPU = Release|Any CPU
	EndGlobalSection
	GlobalSection(ProjectConfigurationPlatforms) = postSolution
		{7335CE5A-DDA4-4ECA-84E6-5ADBDC9C9603}.Debug|Any CPU.ActiveCfg = Debug|Any CPU
		{7335CE5A-DDA4-4ECA-84E6-5ADBDC9C9603}.Debug|Any CPU.Build.0 = Debug|Any CPU
		{7335CE5A-DDA4-4ECA-84E6-5ADBDC9C9603}.Release|Any CPU.ActiveCfg = Release|Any CPU
		{7335CE5A-DDA4-4ECA-84E6-5ADBDC9C9603}.Release|Any CPU.Build.0 = Release|Any CPU
		{3683DF41-8856-46B4-8E38-A6FA908EDA14}.Debug|Any CPU.ActiveCfg = Debug|Any CPU
		{3683DF41-8856-46B4-8E38-A6FA908EDA14}.Debug|Any CPU.Build.0 = Debug|Any CPU
		{3683DF41-8856-46B4-8E38-A6FA908EDA14}.Release|Any CPU.ActiveCfg = Release|Any CPU
		{3683DF41-8856-46B4-8E38-A6FA908EDA14}.Release|Any CPU.Build.0 = Release|Any CPU
		{1EFA5019-464C-4101-8F3C-DA1AEF64EDC1}.Debug|Any CPU.ActiveCfg = Debug|Any CPU
		{1EFA5019-464C-4101-8F3C-DA1AEF64EDC1}.Debug|Any CPU.Build.0 = Debug|Any CPU
		{1EFA5019-464C-4101-8F3C-DA1AEF64EDC1}.Release|Any CPU.ActiveCfg = Release|Any CPU
		{1EFA5019-464C-4101-8F3C-DA1AEF64EDC1}.Release|Any CPU.Build.0 = Release|Any CPU
		{DF7225CB-7963-4443-9A6E-DCCCC88B086D}.Debug|Any CPU.ActiveCfg = Debug|Any CPU
		{DF7225CB-7963-4443-9A6E-DCCCC88B086D}.Debug|Any CPU.Build.0 = Debug|Any CPU
		{DF7225CB-7963-4443-9A6E-DCCCC88B086D}.Release|Any CPU.ActiveCfg = Release|Any CPU
		{DF7225CB-7963-4443-9A6E-DCCCC88B086D}.Release|Any CPU.Build.0 = Release|Any CPU
		{CA3A83C4-A271-40C3-805D-087B149B3906}.Debug|Any CPU.ActiveCfg = Debug|Any CPU
		{CA3A83C4-A271-40C3-805D-087B149B3906}.Debug|Any CPU.Build.0 = Debug|Any CPU
		{CA3A83C4-A271-40C3-805D-087B149B3906}.Release|Any CPU.ActiveCfg = Release|Any CPU
		{CA3A83C4-A271-40C3-805D-087B149B3906}.Release|Any CPU.Build.0 = Release|Any CPU
		{94CA0511-4C1A-42E4-A2BA-9A9BF448BC75}.Debug|Any CPU.ActiveCfg = Debug|Any CPU
		{94CA0511-4C1A-42E4-A2BA-9A9BF448BC75}.Debug|Any CPU.Build.0 = Debug|Any CPU
		{94CA0511-4C1A-42E4-A2BA-9A9BF448BC75}.Release|Any CPU.ActiveCfg = Release|Any CPU
		{94CA0511-4C1A-42E4-A2BA-9A9BF448BC75}.Release|Any CPU.Build.0 = Release|Any CPU
		{4C6DD351-CAB0-48D0-8ED9-BDE7F2C31C2F}.Debug|Any CPU.ActiveCfg = Debug|Any CPU
		{4C6DD351-CAB0-48D0-8ED9-BDE7F2C31C2F}.Debug|Any CPU.Build.0 = Debug|Any CPU
		{4C6DD351-CAB0-48D0-8ED9-BDE7F2C31C2F}.Release|Any CPU.ActiveCfg = Release|Any CPU
		{4C6DD351-CAB0-48D0-8ED9-BDE7F2C31C2F}.Release|Any CPU.Build.0 = Release|Any CPU
		{F86B93BE-A771-44A3-9F73-794554B94885}.Debug|Any CPU.ActiveCfg = Debug|Any CPU
		{F86B93BE-A771-44A3-9F73-794554B94885}.Debug|Any CPU.Build.0 = Debug|Any CPU
		{F86B93BE-A771-44A3-9F73-794554B94885}.Release|Any CPU.ActiveCfg = Release|Any CPU
		{F86B93BE-A771-44A3-9F73-794554B94885}.Release|Any CPU.Build.0 = Release|Any CPU
		{E39D66F9-5227-4D51-A19A-6464BE286E90}.Debug|Any CPU.ActiveCfg = Debug|Any CPU
		{E39D66F9-5227-4D51-A19A-6464BE286E90}.Debug|Any CPU.Build.0 = Debug|Any CPU
		{E39D66F9-5227-4D51-A19A-6464BE286E90}.Release|Any CPU.ActiveCfg = Release|Any CPU
		{E39D66F9-5227-4D51-A19A-6464BE286E90}.Release|Any CPU.Build.0 = Release|Any CPU
		{DA805EC6-FB6E-4D45-8D41-636DECB0CA7C}.Debug|Any CPU.ActiveCfg = Debug|Any CPU
		{DA805EC6-FB6E-4D45-8D41-636DECB0CA7C}.Debug|Any CPU.Build.0 = Debug|Any CPU
		{DA805EC6-FB6E-4D45-8D41-636DECB0CA7C}.Release|Any CPU.ActiveCfg = Release|Any CPU
		{DA805EC6-FB6E-4D45-8D41-636DECB0CA7C}.Release|Any CPU.Build.0 = Release|Any CPU
		{09D6ADEA-67A4-44C8-8F11-D4AF5D12ACAE}.Debug|Any CPU.ActiveCfg = Debug|Any CPU
		{09D6ADEA-67A4-44C8-8F11-D4AF5D12ACAE}.Debug|Any CPU.Build.0 = Debug|Any CPU
		{09D6ADEA-67A4-44C8-8F11-D4AF5D12ACAE}.Release|Any CPU.ActiveCfg = Release|Any CPU
		{09D6ADEA-67A4-44C8-8F11-D4AF5D12ACAE}.Release|Any CPU.Build.0 = Release|Any CPU
		{42E5DA4B-DA95-4A2D-B5E7-B416AC1DA998}.Debug|Any CPU.ActiveCfg = Debug|Any CPU
		{42E5DA4B-DA95-4A2D-B5E7-B416AC1DA998}.Debug|Any CPU.Build.0 = Debug|Any CPU
		{42E5DA4B-DA95-4A2D-B5E7-B416AC1DA998}.Release|Any CPU.ActiveCfg = Release|Any CPU
		{42E5DA4B-DA95-4A2D-B5E7-B416AC1DA998}.Release|Any CPU.Build.0 = Release|Any CPU
		{4FB9A7A3-C195-420E-B6A6-A1E64DF5B17E}.Debug|Any CPU.ActiveCfg = Debug|Any CPU
		{4FB9A7A3-C195-420E-B6A6-A1E64DF5B17E}.Debug|Any CPU.Build.0 = Debug|Any CPU
		{4FB9A7A3-C195-420E-B6A6-A1E64DF5B17E}.Release|Any CPU.ActiveCfg = Release|Any CPU
		{4FB9A7A3-C195-420E-B6A6-A1E64DF5B17E}.Release|Any CPU.Build.0 = Release|Any CPU
	EndGlobalSection
	GlobalSection(SolutionProperties) = preSolution
		HideSolutionNode = FALSE
	EndGlobalSection
	GlobalSection(ExtensibilityGlobals) = postSolution
		SolutionGuid = {7D1A214D-3FEC-41FD-9CE5-B031A011E02F}
	EndGlobalSection
EndGlobal
