
Microsoft Visual Studio Solution File, Format Version 12.00
# Visual Studio Version 16
VisualStudioVersion = 16.0.30503.244
MinimumVisualStudioVersion = 10.0.40219.1
Project("{FAE04EC0-301F-11D3-BF4B-00C04F79EFBC}") = "string_format", "string_format\string_format.csproj", "{8119ECA9-3AA6-4322-BD40-B167868892BA}"
EndProject
Project("{FAE04EC0-301F-11D3-BF4B-00C04F79EFBC}") = "string_format2", "string_format2\string_format2.csproj", "{2AD83EF7-217C-4FB6-B8C7-A8AFBA005FED}"
EndProject
Project("{FAE04EC0-301F-11D3-BF4B-00C04F79EFBC}") = "trim", "trim\trim.csproj", "{9A9203D8-A5C9-4897-A209-C2C7DF88070F}"
EndProject
Project("{FAE04EC0-301F-11D3-BF4B-00C04F79EFBC}") = "view_format", "view_format\view_format.csproj", "{87A7D033-DC2A-449D-97CD-B2A26691715E}"
EndProject
Project("{FAE04EC0-301F-11D3-BF4B-00C04F79EFBC}") = "dicTest", "dicTest\dicTest.csproj", "{B84D2EA0-A2CB-4FC8-9745-3661D1B3B341}"
EndProject
Project("{FAE04EC0-301F-11D3-BF4B-00C04F79EFBC}") = "test", "test\test.csproj", "{84FE511F-9633-4A77-AB35-AA4965EA5AA9}"
EndProject
Global
	GlobalSection(SolutionConfigurationPlatforms) = preSolution
		Debug|Any CPU = Debug|Any CPU
		Release|Any CPU = Release|Any CPU
	EndGlobalSection
	GlobalSection(ProjectConfigurationPlatforms) = postSolution
		{8119ECA9-3AA6-4322-BD40-B167868892BA}.Debug|Any CPU.ActiveCfg = Debug|Any CPU
		{8119ECA9-3AA6-4322-BD40-B167868892BA}.Debug|Any CPU.Build.0 = Debug|Any CPU
		{8119ECA9-3AA6-4322-BD40-B167868892BA}.Release|Any CPU.ActiveCfg = Release|Any CPU
		{8119ECA9-3AA6-4322-BD40-B167868892BA}.Release|Any CPU.Build.0 = Release|Any CPU
		{2AD83EF7-217C-4FB6-B8C7-A8AFBA005FED}.Debug|Any CPU.ActiveCfg = Debug|Any CPU
		{2AD83EF7-217C-4FB6-B8C7-A8AFBA005FED}.Debug|Any CPU.Build.0 = Debug|Any CPU
		{2AD83EF7-217C-4FB6-B8C7-A8AFBA005FED}.Release|Any CPU.ActiveCfg = Release|Any CPU
		{2AD83EF7-217C-4FB6-B8C7-A8AFBA005FED}.Release|Any CPU.Build.0 = Release|Any CPU
		{9A9203D8-A5C9-4897-A209-C2C7DF88070F}.Debug|Any CPU.ActiveCfg = Debug|Any CPU
		{9A9203D8-A5C9-4897-A209-C2C7DF88070F}.Debug|Any CPU.Build.0 = Debug|Any CPU
		{9A9203D8-A5C9-4897-A209-C2C7DF88070F}.Release|Any CPU.ActiveCfg = Release|Any CPU
		{9A9203D8-A5C9-4897-A209-C2C7DF88070F}.Release|Any CPU.Build.0 = Release|Any CPU
		{87A7D033-DC2A-449D-97CD-B2A26691715E}.Debug|Any CPU.ActiveCfg = Debug|Any CPU
		{87A7D033-DC2A-449D-97CD-B2A26691715E}.Debug|Any CPU.Build.0 = Debug|Any CPU
		{87A7D033-DC2A-449D-97CD-B2A26691715E}.Release|Any CPU.ActiveCfg = Release|Any CPU
		{87A7D033-DC2A-449D-97CD-B2A26691715E}.Release|Any CPU.Build.0 = Release|Any CPU
		{B84D2EA0-A2CB-4FC8-9745-3661D1B3B341}.Debug|Any CPU.ActiveCfg = Debug|Any CPU
		{B84D2EA0-A2CB-4FC8-9745-3661D1B3B341}.Debug|Any CPU.Build.0 = Debug|Any CPU
		{B84D2EA0-A2CB-4FC8-9745-3661D1B3B341}.Release|Any CPU.ActiveCfg = Release|Any CPU
		{B84D2EA0-A2CB-4FC8-9745-3661D1B3B341}.Release|Any CPU.Build.0 = Release|Any CPU
		{84FE511F-9633-4A77-AB35-AA4965EA5AA9}.Debug|Any CPU.ActiveCfg = Debug|Any CPU
		{84FE511F-9633-4A77-AB35-AA4965EA5AA9}.Debug|Any CPU.Build.0 = Debug|Any CPU
		{84FE511F-9633-4A77-AB35-AA4965EA5AA9}.Release|Any CPU.ActiveCfg = Release|Any CPU
		{84FE511F-9633-4A77-AB35-AA4965EA5AA9}.Release|Any CPU.Build.0 = Release|Any CPU
	EndGlobalSection
	GlobalSection(SolutionProperties) = preSolution
		HideSolutionNode = FALSE
	EndGlobalSection
	GlobalSection(ExtensibilityGlobals) = postSolution
		SolutionGuid = {4E3C420B-4C93-4409-AE33-914178D7DCA6}
	EndGlobalSection
EndGlobal
