
Microsoft Visual Studio Solution File, Format Version 12.00
# Visual Studio Version 16
VisualStudioVersion = 16.0.30309.148
MinimumVisualStudioVersion = 10.0.40219.1
Project("{FAE04EC0-301F-11D3-BF4B-00C04F79EFBC}") = "Lambda_Expression", "Lambda_Expression\Lambda_Expression.csproj", "{4D275ADE-CDFD-4709-BC24-8FCAFC18B85B}"
EndProject
Project("{FAE04EC0-301F-11D3-BF4B-00C04F79EFBC}") = "SimpleLambda", "SimpleLambda\SimpleLambda.csproj", "{14EC81AF-B357-48BC-985B-5D6D7CF71522}"
EndProject
Project("{FAE04EC0-301F-11D3-BF4B-00C04F79EFBC}") = "StatementLambda", "StatementLambda\StatementLambda.csproj", "{7167C8E5-B5F9-4DC3-8A99-58EC878AA54B}"
EndProject
Project("{FAE04EC0-301F-11D3-BF4B-00C04F79EFBC}") = "FuncTest", "FuncTest\FuncTest.csproj", "{DB5C7F02-1255-4AE3-84F6-30B27659EA52}"
EndProject
Project("{FAE04EC0-301F-11D3-BF4B-00C04F79EFBC}") = "ActionTest", "ActionTest\ActionTest.csproj", "{C2D1DE2C-F5F3-44AD-AAE7-4D91A2866EF8}"
EndProject
Project("{FAE04EC0-301F-11D3-BF4B-00C04F79EFBC}") = "UsingExpressionTree", "UsingExpressionTree\UsingExpressionTree.csproj", "{8BF7F91D-DFDE-4ABC-AFFF-7CBD81E8A7C0}"
EndProject
Project("{FAE04EC0-301F-11D3-BF4B-00C04F79EFBC}") = "ExpressionTreeViaLambda", "ExpressionTreeViaLambda\ExpressionTreeViaLambda.csproj", "{7F79CE97-39F1-47F7-8C47-A421BAF5B505}"
EndProject
Project("{FAE04EC0-301F-11D3-BF4B-00C04F79EFBC}") = "ExpressionBodiedMember", "ExpressionBodiedMember\ExpressionBodiedMember.csproj", "{ECF96644-4B2C-4EFC-9B93-F7FA1DFFEF57}"
EndProject
Global
	GlobalSection(SolutionConfigurationPlatforms) = preSolution
		Debug|Any CPU = Debug|Any CPU
		Release|Any CPU = Release|Any CPU
	EndGlobalSection
	GlobalSection(ProjectConfigurationPlatforms) = postSolution
		{4D275ADE-CDFD-4709-BC24-8FCAFC18B85B}.Debug|Any CPU.ActiveCfg = Debug|Any CPU
		{4D275ADE-CDFD-4709-BC24-8FCAFC18B85B}.Debug|Any CPU.Build.0 = Debug|Any CPU
		{4D275ADE-CDFD-4709-BC24-8FCAFC18B85B}.Release|Any CPU.ActiveCfg = Release|Any CPU
		{4D275ADE-CDFD-4709-BC24-8FCAFC18B85B}.Release|Any CPU.Build.0 = Release|Any CPU
		{14EC81AF-B357-48BC-985B-5D6D7CF71522}.Debug|Any CPU.ActiveCfg = Debug|Any CPU
		{14EC81AF-B357-48BC-985B-5D6D7CF71522}.Debug|Any CPU.Build.0 = Debug|Any CPU
		{14EC81AF-B357-48BC-985B-5D6D7CF71522}.Release|Any CPU.ActiveCfg = Release|Any CPU
		{14EC81AF-B357-48BC-985B-5D6D7CF71522}.Release|Any CPU.Build.0 = Release|Any CPU
		{7167C8E5-B5F9-4DC3-8A99-58EC878AA54B}.Debug|Any CPU.ActiveCfg = Debug|Any CPU
		{7167C8E5-B5F9-4DC3-8A99-58EC878AA54B}.Debug|Any CPU.Build.0 = Debug|Any CPU
		{7167C8E5-B5F9-4DC3-8A99-58EC878AA54B}.Release|Any CPU.ActiveCfg = Release|Any CPU
		{7167C8E5-B5F9-4DC3-8A99-58EC878AA54B}.Release|Any CPU.Build.0 = Release|Any CPU
		{DB5C7F02-1255-4AE3-84F6-30B27659EA52}.Debug|Any CPU.ActiveCfg = Debug|Any CPU
		{DB5C7F02-1255-4AE3-84F6-30B27659EA52}.Debug|Any CPU.Build.0 = Debug|Any CPU
		{DB5C7F02-1255-4AE3-84F6-30B27659EA52}.Release|Any CPU.ActiveCfg = Release|Any CPU
		{DB5C7F02-1255-4AE3-84F6-30B27659EA52}.Release|Any CPU.Build.0 = Release|Any CPU
		{C2D1DE2C-F5F3-44AD-AAE7-4D91A2866EF8}.Debug|Any CPU.ActiveCfg = Debug|Any CPU
		{C2D1DE2C-F5F3-44AD-AAE7-4D91A2866EF8}.Debug|Any CPU.Build.0 = Debug|Any CPU
		{C2D1DE2C-F5F3-44AD-AAE7-4D91A2866EF8}.Release|Any CPU.ActiveCfg = Release|Any CPU
		{C2D1DE2C-F5F3-44AD-AAE7-4D91A2866EF8}.Release|Any CPU.Build.0 = Release|Any CPU
		{8BF7F91D-DFDE-4ABC-AFFF-7CBD81E8A7C0}.Debug|Any CPU.ActiveCfg = Debug|Any CPU
		{8BF7F91D-DFDE-4ABC-AFFF-7CBD81E8A7C0}.Debug|Any CPU.Build.0 = Debug|Any CPU
		{8BF7F91D-DFDE-4ABC-AFFF-7CBD81E8A7C0}.Release|Any CPU.ActiveCfg = Release|Any CPU
		{8BF7F91D-DFDE-4ABC-AFFF-7CBD81E8A7C0}.Release|Any CPU.Build.0 = Release|Any CPU
		{7F79CE97-39F1-47F7-8C47-A421BAF5B505}.Debug|Any CPU.ActiveCfg = Debug|Any CPU
		{7F79CE97-39F1-47F7-8C47-A421BAF5B505}.Debug|Any CPU.Build.0 = Debug|Any CPU
		{7F79CE97-39F1-47F7-8C47-A421BAF5B505}.Release|Any CPU.ActiveCfg = Release|Any CPU
		{7F79CE97-39F1-47F7-8C47-A421BAF5B505}.Release|Any CPU.Build.0 = Release|Any CPU
		{ECF96644-4B2C-4EFC-9B93-F7FA1DFFEF57}.Debug|Any CPU.ActiveCfg = Debug|Any CPU
		{ECF96644-4B2C-4EFC-9B93-F7FA1DFFEF57}.Debug|Any CPU.Build.0 = Debug|Any CPU
		{ECF96644-4B2C-4EFC-9B93-F7FA1DFFEF57}.Release|Any CPU.ActiveCfg = Release|Any CPU
		{ECF96644-4B2C-4EFC-9B93-F7FA1DFFEF57}.Release|Any CPU.Build.0 = Release|Any CPU
	EndGlobalSection
	GlobalSection(SolutionProperties) = preSolution
		HideSolutionNode = FALSE
	EndGlobalSection
	GlobalSection(ExtensibilityGlobals) = postSolution
		SolutionGuid = {C14E81E2-DEF8-40E7-98FC-EED27272B283}
	EndGlobalSection
EndGlobal
