
Microsoft Visual Studio Solution File, Format Version 12.00
# Visual Studio Version 16
VisualStudioVersion = 16.0.30309.148
MinimumVisualStudioVersion = 10.0.40219.1
Project("{FAE04EC0-301F-11D3-BF4B-00C04F79EFBC}") = "FileIO2", "FileIO2\FileIO2.csproj", "{37D8C9F3-1B48-4476-B287-791FE3A0D478}"
EndProject
Project("{FAE04EC0-301F-11D3-BF4B-00C04F79EFBC}") = "BinaryFile", "BinaryFile\BinaryFile.csproj", "{3B589AAD-4643-488F-8070-7F1897391B18}"
EndProject
Project("{FAE04EC0-301F-11D3-BF4B-00C04F79EFBC}") = "BinaryRw", "BinaryRw\BinaryRw.csproj", "{8D3CCCC5-3DB3-4D6C-9D80-E62AE50651D8}"
EndProject
Project("{FAE04EC0-301F-11D3-BF4B-00C04F79EFBC}") = "StreamFile", "StreamFile\StreamFile.csproj", "{42B2E30D-8474-4970-9375-D537451CBE72}"
EndProject
Project("{FAE04EC0-301F-11D3-BF4B-00C04F79EFBC}") = "Seriallized", "Seriallized\Seriallized.csproj", "{2E2828C9-BDEC-495C-90E6-E04C0E115EFB}"
EndProject
Global
	GlobalSection(SolutionConfigurationPlatforms) = preSolution
		Debug|Any CPU = Debug|Any CPU
		Release|Any CPU = Release|Any CPU
	EndGlobalSection
	GlobalSection(ProjectConfigurationPlatforms) = postSolution
		{37D8C9F3-1B48-4476-B287-791FE3A0D478}.Debug|Any CPU.ActiveCfg = Debug|Any CPU
		{37D8C9F3-1B48-4476-B287-791FE3A0D478}.Debug|Any CPU.Build.0 = Debug|Any CPU
		{37D8C9F3-1B48-4476-B287-791FE3A0D478}.Release|Any CPU.ActiveCfg = Release|Any CPU
		{37D8C9F3-1B48-4476-B287-791FE3A0D478}.Release|Any CPU.Build.0 = Release|Any CPU
		{3B589AAD-4643-488F-8070-7F1897391B18}.Debug|Any CPU.ActiveCfg = Debug|Any CPU
		{3B589AAD-4643-488F-8070-7F1897391B18}.Debug|Any CPU.Build.0 = Debug|Any CPU
		{3B589AAD-4643-488F-8070-7F1897391B18}.Release|Any CPU.ActiveCfg = Release|Any CPU
		{3B589AAD-4643-488F-8070-7F1897391B18}.Release|Any CPU.Build.0 = Release|Any CPU
		{8D3CCCC5-3DB3-4D6C-9D80-E62AE50651D8}.Debug|Any CPU.ActiveCfg = Debug|Any CPU
		{8D3CCCC5-3DB3-4D6C-9D80-E62AE50651D8}.Debug|Any CPU.Build.0 = Debug|Any CPU
		{8D3CCCC5-3DB3-4D6C-9D80-E62AE50651D8}.Release|Any CPU.ActiveCfg = Release|Any CPU
		{8D3CCCC5-3DB3-4D6C-9D80-E62AE50651D8}.Release|Any CPU.Build.0 = Release|Any CPU
		{42B2E30D-8474-4970-9375-D537451CBE72}.Debug|Any CPU.ActiveCfg = Debug|Any CPU
		{42B2E30D-8474-4970-9375-D537451CBE72}.Debug|Any CPU.Build.0 = Debug|Any CPU
		{42B2E30D-8474-4970-9375-D537451CBE72}.Release|Any CPU.ActiveCfg = Release|Any CPU
		{42B2E30D-8474-4970-9375-D537451CBE72}.Release|Any CPU.Build.0 = Release|Any CPU
		{2E2828C9-BDEC-495C-90E6-E04C0E115EFB}.Debug|Any CPU.ActiveCfg = Debug|Any CPU
		{2E2828C9-BDEC-495C-90E6-E04C0E115EFB}.Debug|Any CPU.Build.0 = Debug|Any CPU
		{2E2828C9-BDEC-495C-90E6-E04C0E115EFB}.Release|Any CPU.ActiveCfg = Release|Any CPU
		{2E2828C9-BDEC-495C-90E6-E04C0E115EFB}.Release|Any CPU.Build.0 = Release|Any CPU
	EndGlobalSection
	GlobalSection(SolutionProperties) = preSolution
		HideSolutionNode = FALSE
	EndGlobalSection
	GlobalSection(ExtensibilityGlobals) = postSolution
		SolutionGuid = {9D6B3ED6-9177-4FC1-ADEC-4BCF01B77DFE}
	EndGlobalSection
EndGlobal
