
Microsoft Visual Studio Solution File, Format Version 12.00
# Visual Studio Version 16
VisualStudioVersion = 16.0.30309.148
MinimumVisualStudioVersion = 10.0.40219.1
Project("{FAE04EC0-301F-11D3-BF4B-00C04F79EFBC}") = "FIleReceiver", "FIleReceiver\FIleReceiver.csproj", "{11CEB622-3180-4956-B22F-AEB1E1316A30}"
EndProject
Global
	GlobalSection(SolutionConfigurationPlatforms) = preSolution
		Debug|Any CPU = Debug|Any CPU
		Release|Any CPU = Release|Any CPU
	EndGlobalSection
	GlobalSection(ProjectConfigurationPlatforms) = postSolution
		{11CEB622-3180-4956-B22F-AEB1E1316A30}.Debug|Any CPU.ActiveCfg = Debug|Any CPU
		{11CEB622-3180-4956-B22F-AEB1E1316A30}.Debug|Any CPU.Build.0 = Debug|Any CPU
		{11CEB622-3180-4956-B22F-AEB1E1316A30}.Release|Any CPU.ActiveCfg = Release|Any CPU
		{11CEB622-3180-4956-B22F-AEB1E1316A30}.Release|Any CPU.Build.0 = Release|Any CPU
	EndGlobalSection
	GlobalSection(SolutionProperties) = preSolution
		HideSolutionNode = FALSE
	EndGlobalSection
	GlobalSection(ExtensibilityGlobals) = postSolution
		SolutionGuid = {A874809D-1BDA-41C4-ACF0-CA0C15052F80}
	EndGlobalSection
EndGlobal
