
Microsoft Visual Studio Solution File, Format Version 12.00
# Visual Studio Version 16
VisualStudioVersion = 16.0.30309.148
MinimumVisualStudioVersion = 10.0.40219.1
Project("{FAE04EC0-301F-11D3-BF4B-00C04F79EFBC}") = "FUP", "FUP\FUP.csproj", "{DA1AB2B7-7CE3-4763-AEDD-AE0F45AAD78F}"
EndProject
Global
	GlobalSection(SolutionConfigurationPlatforms) = preSolution
		Debug|Any CPU = Debug|Any CPU
		Release|Any CPU = Release|Any CPU
	EndGlobalSection
	GlobalSection(ProjectConfigurationPlatforms) = postSolution
		{DA1AB2B7-7CE3-4763-AEDD-AE0F45AAD78F}.Debug|Any CPU.ActiveCfg = Debug|Any CPU
		{DA1AB2B7-7CE3-4763-AEDD-AE0F45AAD78F}.Debug|Any CPU.Build.0 = Debug|Any CPU
		{DA1AB2B7-7CE3-4763-AEDD-AE0F45AAD78F}.Release|Any CPU.ActiveCfg = Release|Any CPU
		{DA1AB2B7-7CE3-4763-AEDD-AE0F45AAD78F}.Release|Any CPU.Build.0 = Release|Any CPU
	EndGlobalSection
	GlobalSection(SolutionProperties) = preSolution
		HideSolutionNode = FALSE
	EndGlobalSection
	GlobalSection(ExtensibilityGlobals) = postSolution
		SolutionGuid = {6E4C130E-E8DB-4C17-8A7F-0420168F23DB}
	EndGlobalSection
EndGlobal
