
Microsoft Visual Studio Solution File, Format Version 12.00
# Visual Studio Version 16
VisualStudioVersion = 16.0.30309.148
MinimumVisualStudioVersion = 10.0.40219.1
Project("{FAE04EC0-301F-11D3-BF4B-00C04F79EFBC}") = "UsingControls", "UsingControls\UsingControls.csproj", "{CAE7CC8A-B482-4357-BAC8-2F05D4770B48}"
EndProject
Global
	GlobalSection(SolutionConfigurationPlatforms) = preSolution
		Debug|Any CPU = Debug|Any CPU
		Release|Any CPU = Release|Any CPU
	EndGlobalSection
	GlobalSection(ProjectConfigurationPlatforms) = postSolution
		{CAE7CC8A-B482-4357-BAC8-2F05D4770B48}.Debug|Any CPU.ActiveCfg = Debug|Any CPU
		{CAE7CC8A-B482-4357-BAC8-2F05D4770B48}.Debug|Any CPU.Build.0 = Debug|Any CPU
		{CAE7CC8A-B482-4357-BAC8-2F05D4770B48}.Release|Any CPU.ActiveCfg = Release|Any CPU
		{CAE7CC8A-B482-4357-BAC8-2F05D4770B48}.Release|Any CPU.Build.0 = Release|Any CPU
	EndGlobalSection
	GlobalSection(SolutionProperties) = preSolution
		HideSolutionNode = FALSE
	EndGlobalSection
	GlobalSection(ExtensibilityGlobals) = postSolution
		SolutionGuid = {41A3CC51-1E9C-4F91-9428-4959EF3CF015}
	EndGlobalSection
EndGlobal
